
Microsoft Visual Studio Solution File, Format Version 12.00
# Visual Studio Version 17
VisualStudioVersion = 17.11.35312.102
MinimumVisualStudioVersion = 10.0.40219.1
Project("{FAE04EC0-301F-11D3-BF4B-00C04F79EFBC}") = "BookStore.API", "BookStore.API\BookStore.API.csproj", "{6ACF775F-0831-4A4F-973A-3CA9FA7F2D28}"
EndProject
Project("{FAE04EC0-301F-11D3-BF4B-00C04F79EFBC}") = "BookStore.Infrastructure", "BookStore.Infrastructure\BookStore.Infrastructure.csproj", "{840E8780-7359-4EED-B9B7-EE1F2087C82E}"
EndProject
Project("{FAE04EC0-301F-11D3-BF4B-00C04F79EFBC}") = "BookStore.Domain", "BookStore.Domain\BookStore.Domain.csproj", "{262019CE-FE5E-45D3-960A-D40001F536FC}"
EndProject
Project("{FAE04EC0-301F-11D3-BF4B-00C04F79EFBC}") = "BookStore.Application", "BookStore.Application\BookStore.Application.csproj", "{FD24B827-C517-4D90-A182-F513D6E132ED}"
EndProject
Project("{FAE04EC0-301F-11D3-BF4B-00C04F79EFBC}") = "BookStore.Web", "BookStore.Web\BookStore.Web.csproj", "{AD354D03-09CE-495F-A546-CB4C9B15BC5E}"
EndProject
Global
	GlobalSection(SolutionConfigurationPlatforms) = preSolution
		Debug|Any CPU = Debug|Any CPU
		Release|Any CPU = Release|Any CPU
	EndGlobalSection
	GlobalSection(ProjectConfigurationPlatforms) = postSolution
		{6ACF775F-0831-4A4F-973A-3CA9FA7F2D28}.Debug|Any CPU.ActiveCfg = Debug|Any CPU
		{6ACF775F-0831-4A4F-973A-3CA9FA7F2D28}.Debug|Any CPU.Build.0 = Debug|Any CPU
		{6ACF775F-0831-4A4F-973A-3CA9FA7F2D28}.Release|Any CPU.ActiveCfg = Release|Any CPU
		{6ACF775F-0831-4A4F-973A-3CA9FA7F2D28}.Release|Any CPU.Build.0 = Release|Any CPU
		{840E8780-7359-4EED-B9B7-EE1F2087C82E}.Debug|Any CPU.ActiveCfg = Debug|Any CPU
		{840E8780-7359-4EED-B9B7-EE1F2087C82E}.Debug|Any CPU.Build.0 = Debug|Any CPU
		{840E8780-7359-4EED-B9B7-EE1F2087C82E}.Release|Any CPU.ActiveCfg = Release|Any CPU
		{840E8780-7359-4EED-B9B7-EE1F2087C82E}.Release|Any CPU.Build.0 = Release|Any CPU
		{262019CE-FE5E-45D3-960A-D40001F536FC}.Debug|Any CPU.ActiveCfg = Debug|Any CPU
		{262019CE-FE5E-45D3-960A-D40001F536FC}.Debug|Any CPU.Build.0 = Debug|Any CPU
		{262019CE-FE5E-45D3-960A-D40001F536FC}.Release|Any CPU.ActiveCfg = Release|Any CPU
		{262019CE-FE5E-45D3-960A-D40001F536FC}.Release|Any CPU.Build.0 = Release|Any CPU
		{FD24B827-C517-4D90-A182-F513D6E132ED}.Debug|Any CPU.ActiveCfg = Debug|Any CPU
		{FD24B827-C517-4D90-A182-F513D6E132ED}.Debug|Any CPU.Build.0 = Debug|Any CPU
		{FD24B827-C517-4D90-A182-F513D6E132ED}.Release|Any CPU.ActiveCfg = Release|Any CPU
		{FD24B827-C517-4D90-A182-F513D6E132ED}.Release|Any CPU.Build.0 = Release|Any CPU
		{AD354D03-09CE-495F-A546-CB4C9B15BC5E}.Debug|Any CPU.ActiveCfg = Debug|Any CPU
		{AD354D03-09CE-495F-A546-CB4C9B15BC5E}.Debug|Any CPU.Build.0 = Debug|Any CPU
		{AD354D03-09CE-495F-A546-CB4C9B15BC5E}.Release|Any CPU.ActiveCfg = Release|Any CPU
		{AD354D03-09CE-495F-A546-CB4C9B15BC5E}.Release|Any CPU.Build.0 = Release|Any CPU
	EndGlobalSection
	GlobalSection(SolutionProperties) = preSolution
		HideSolutionNode = FALSE
	EndGlobalSection
	GlobalSection(ExtensibilityGlobals) = postSolution
		SolutionGuid = {3DFE4827-27EC-41AE-903B-CB66B8C7162C}
	EndGlobalSection
EndGlobal
